
Microsoft Visual Studio Solution File, Format Version 12.00
# Visual Studio Version 17
VisualStudioVersion = 17.5.33414.496
MinimumVisualStudioVersion = 10.0.40219.1
Project("{FAE04EC0-301F-11D3-BF4B-00C04F79EFBC}") = "StockController", "StockController\StockController.csproj", "{D5AC1AA2-CE5D-41DB-9716-B3A6790776B7}"
EndProject
Project("{FAE04EC0-301F-11D3-BF4B-00C04F79EFBC}") = "StockWeb", "StockWeb\StockWeb.csproj", "{96EF69E2-4225-4E82-808D-EA51D5FF829E}"
EndProject
Project("{FAE04EC0-301F-11D3-BF4B-00C04F79EFBC}") = "StockWeb.Tests", "StockWeb.Tests\StockWeb.Tests.csproj", "{11DBD283-94BF-44AE-B111-D75158854EE7}"
EndProject
Project("{FAE04EC0-301F-11D3-BF4B-00C04F79EFBC}") = "StockController.Tests", "StockController.Tests\StockController.Tests.csproj", "{18D7977E-4B28-411A-BA93-770213C6B945}"
EndProject
Global
	GlobalSection(SolutionConfigurationPlatforms) = preSolution
		Debug|Any CPU = Debug|Any CPU
		Release|Any CPU = Release|Any CPU
	EndGlobalSection
	GlobalSection(ProjectConfigurationPlatforms) = postSolution
		{D5AC1AA2-CE5D-41DB-9716-B3A6790776B7}.Debug|Any CPU.ActiveCfg = Debug|Any CPU
		{D5AC1AA2-CE5D-41DB-9716-B3A6790776B7}.Debug|Any CPU.Build.0 = Debug|Any CPU
		{D5AC1AA2-CE5D-41DB-9716-B3A6790776B7}.Release|Any CPU.ActiveCfg = Release|Any CPU
		{D5AC1AA2-CE5D-41DB-9716-B3A6790776B7}.Release|Any CPU.Build.0 = Release|Any CPU
		{96EF69E2-4225-4E82-808D-EA51D5FF829E}.Debug|Any CPU.ActiveCfg = Debug|Any CPU
		{96EF69E2-4225-4E82-808D-EA51D5FF829E}.Debug|Any CPU.Build.0 = Debug|Any CPU
		{96EF69E2-4225-4E82-808D-EA51D5FF829E}.Release|Any CPU.ActiveCfg = Release|Any CPU
		{96EF69E2-4225-4E82-808D-EA51D5FF829E}.Release|Any CPU.Build.0 = Release|Any CPU
		{11DBD283-94BF-44AE-B111-D75158854EE7}.Debug|Any CPU.ActiveCfg = Debug|Any CPU
		{11DBD283-94BF-44AE-B111-D75158854EE7}.Debug|Any CPU.Build.0 = Debug|Any CPU
		{11DBD283-94BF-44AE-B111-D75158854EE7}.Release|Any CPU.ActiveCfg = Release|Any CPU
		{11DBD283-94BF-44AE-B111-D75158854EE7}.Release|Any CPU.Build.0 = Release|Any CPU
		{18D7977E-4B28-411A-BA93-770213C6B945}.Debug|Any CPU.ActiveCfg = Debug|Any CPU
		{18D7977E-4B28-411A-BA93-770213C6B945}.Debug|Any CPU.Build.0 = Debug|Any CPU
		{18D7977E-4B28-411A-BA93-770213C6B945}.Release|Any CPU.ActiveCfg = Release|Any CPU
		{18D7977E-4B28-411A-BA93-770213C6B945}.Release|Any CPU.Build.0 = Release|Any CPU
	EndGlobalSection
	GlobalSection(SolutionProperties) = preSolution
		HideSolutionNode = FALSE
	EndGlobalSection
	GlobalSection(ExtensibilityGlobals) = postSolution
		SolutionGuid = {B7499F2B-D8F2-4993-923F-6A650041EA84}
	EndGlobalSection
EndGlobal
